
Microsoft Visual Studio Solution File, Format Version 12.00
# Visual Studio Version 17
VisualStudioVersion = 17.2.32616.157
MinimumVisualStudioVersion = 10.0.40219.1
Project("{FAE04EC0-301F-11D3-BF4B-00C04F79EFBC}") = "Test.Android", "Test.Android\Test.Android.csproj", "{DDEA9F9A-A417-47AE-8EB3-6832C21222FA}"
EndProject
Project("{FAE04EC0-301F-11D3-BF4B-00C04F79EFBC}") = "Test", "Test\Test.csproj", "{92F0084C-C9BC-4C3B-BD69-18E755C92D84}"
EndProject
Global
	GlobalSection(SolutionConfigurationPlatforms) = preSolution
		Debug|Any CPU = Debug|Any CPU
		Release|Any CPU = Release|Any CPU
	EndGlobalSection
	GlobalSection(ProjectConfigurationPlatforms) = postSolution
		{DDEA9F9A-A417-47AE-8EB3-6832C21222FA}.Debug|Any CPU.ActiveCfg = Debug|Any CPU
		{DDEA9F9A-A417-47AE-8EB3-6832C21222FA}.Debug|Any CPU.Build.0 = Debug|Any CPU
		{DDEA9F9A-A417-47AE-8EB3-6832C21222FA}.Debug|Any CPU.Deploy.0 = Debug|Any CPU
		{DDEA9F9A-A417-47AE-8EB3-6832C21222FA}.Release|Any CPU.ActiveCfg = Release|Any CPU
		{DDEA9F9A-A417-47AE-8EB3-6832C21222FA}.Release|Any CPU.Build.0 = Release|Any CPU
		{DDEA9F9A-A417-47AE-8EB3-6832C21222FA}.Release|Any CPU.Deploy.0 = Release|Any CPU
		{92F0084C-C9BC-4C3B-BD69-18E755C92D84}.Debug|Any CPU.ActiveCfg = Debug|Any CPU
		{92F0084C-C9BC-4C3B-BD69-18E755C92D84}.Debug|Any CPU.Build.0 = Debug|Any CPU
		{92F0084C-C9BC-4C3B-BD69-18E755C92D84}.Debug|Any CPU.Deploy.0 = Debug|Any CPU
		{92F0084C-C9BC-4C3B-BD69-18E755C92D84}.Release|Any CPU.ActiveCfg = Release|Any CPU
		{92F0084C-C9BC-4C3B-BD69-18E755C92D84}.Release|Any CPU.Build.0 = Release|Any CPU
		{92F0084C-C9BC-4C3B-BD69-18E755C92D84}.Release|Any CPU.Deploy.0 = Release|Any CPU
	EndGlobalSection
	GlobalSection(SolutionProperties) = preSolution
		HideSolutionNode = FALSE
	EndGlobalSection
	GlobalSection(ExtensibilityGlobals) = postSolution
		SolutionGuid = {72B1A3E4-9FF0-4BFF-AD5B-606E5278B1A6}
	EndGlobalSection
EndGlobal
